
Microsoft Visual Studio Solution File, Format Version 12.00
# Visual Studio Version 16
VisualStudioVersion = 16.0.30907.101
MinimumVisualStudioVersion = 10.0.40219.1
Project("{FAE04EC0-301F-11D3-BF4B-00C04F79EFBC}") = "l7rpvs", "l7rpvs\l7rpvs.csproj", "{EA7BB0A8-01FE-4224-AD30-14B17E71EDDC}"
EndProject
Global
	GlobalSection(SolutionConfigurationPlatforms) = preSolution
		Debug|Any CPU = Debug|Any CPU
		Release|Any CPU = Release|Any CPU
	EndGlobalSection
	GlobalSection(ProjectConfigurationPlatforms) = postSolution
		{EA7BB0A8-01FE-4224-AD30-14B17E71EDDC}.Debug|Any CPU.ActiveCfg = Debug|Any CPU
		{EA7BB0A8-01FE-4224-AD30-14B17E71EDDC}.Debug|Any CPU.Build.0 = Debug|Any CPU
		{EA7BB0A8-01FE-4224-AD30-14B17E71EDDC}.Release|Any CPU.ActiveCfg = Release|Any CPU
		{EA7BB0A8-01FE-4224-AD30-14B17E71EDDC}.Release|Any CPU.Build.0 = Release|Any CPU
	EndGlobalSection
	GlobalSection(SolutionProperties) = preSolution
		HideSolutionNode = FALSE
	EndGlobalSection
	GlobalSection(ExtensibilityGlobals) = postSolution
		SolutionGuid = {8B3B8C01-6971-41C7-AA08-2EFA9B01E158}
	EndGlobalSection
EndGlobal
